
Microsoft Visual Studio Solution File, Format Version 12.00
# Visual Studio Version 16
VisualStudioVersion = 16.0.30001.183
MinimumVisualStudioVersion = 10.0.40219.1
Project("{9092AA53-FB77-4645-B42D-1CCCA6BD08BD}") = "TaigaBot", "TaigaBot.njsproj", "{2173B7DB-3C3D-4C9E-96A1-B71216066A7B}"
EndProject
Global
	GlobalSection(SolutionConfigurationPlatforms) = preSolution
		Debug|Any CPU = Debug|Any CPU
		Release|Any CPU = Release|Any CPU
	EndGlobalSection
	GlobalSection(ProjectConfigurationPlatforms) = postSolution
		{2173B7DB-3C3D-4C9E-96A1-B71216066A7B}.Debug|Any CPU.ActiveCfg = Debug|Any CPU
		{2173B7DB-3C3D-4C9E-96A1-B71216066A7B}.Debug|Any CPU.Build.0 = Debug|Any CPU
		{2173B7DB-3C3D-4C9E-96A1-B71216066A7B}.Release|Any CPU.ActiveCfg = Release|Any CPU
		{2173B7DB-3C3D-4C9E-96A1-B71216066A7B}.Release|Any CPU.Build.0 = Release|Any CPU
	EndGlobalSection
	GlobalSection(SolutionProperties) = preSolution
		HideSolutionNode = FALSE
	EndGlobalSection
	GlobalSection(ExtensibilityGlobals) = postSolution
		SolutionGuid = {FB66EFF9-FF11-401D-92F8-FAE724FA85CB}
	EndGlobalSection
EndGlobal
